
Microsoft Visual Studio Solution File, Format Version 12.00
# Visual Studio Version 16
VisualStudioVersion = 16.0.30413.136
MinimumVisualStudioVersion = 10.0.40219.1
Project("{9A19103F-16F7-4668-BE54-9A1E7A4F7556}") = "RimThreaded", "RimThreaded.csproj", "{FC5437E9-4CA5-4DEF-BA34-3D809C44EA8E}"
EndProject
Project("{2150E333-8FDC-42A3-9474-1A3956D46DE8}") = "Solution Items", "Solution Items", "{837F6211-E9E8-4DBF-B250-A3722C637AD8}"
	ProjectSection(SolutionItems) = preProject
		..\.gitignore = ..\.gitignore
		..\RimThreaded\About\About.xml = ..\RimThreaded\About\About.xml
		..\configure.cmd = ..\configure.cmd
		..\configure.ps1 = ..\configure.ps1
		..\LICENSE = ..\LICENSE
		..\README.md = ..\README.md
	EndProjectSection
EndProject
Project("{9A19103F-16F7-4668-BE54-9A1E7A4F7556}") = "Assembly-CSharp", "..\..\..\..\..\..\RWSource\1.3\Assembly-CSharp.csproj", "{6E0D15AD-935D-474D-B0D3-4664BC0C73C7}"
EndProject
Global
	GlobalSection(SolutionConfigurationPlatforms) = preSolution
		Debug|Any CPU = Debug|Any CPU
		Debug|x64 = Debug|x64
		Release|Any CPU = Release|Any CPU
		Release|x64 = Release|x64
	EndGlobalSection
	GlobalSection(ProjectConfigurationPlatforms) = postSolution
		{FC5437E9-4CA5-4DEF-BA34-3D809C44EA8E}.Debug|Any CPU.ActiveCfg = Debug|Any CPU
		{FC5437E9-4CA5-4DEF-BA34-3D809C44EA8E}.Debug|Any CPU.Build.0 = Debug|Any CPU
		{FC5437E9-4CA5-4DEF-BA34-3D809C44EA8E}.Debug|x64.ActiveCfg = Debug|Any CPU
		{FC5437E9-4CA5-4DEF-BA34-3D809C44EA8E}.Debug|x64.Build.0 = Debug|Any CPU
		{FC5437E9-4CA5-4DEF-BA34-3D809C44EA8E}.Release|Any CPU.ActiveCfg = Release|Any CPU
		{FC5437E9-4CA5-4DEF-BA34-3D809C44EA8E}.Release|Any CPU.Build.0 = Release|Any CPU
		{FC5437E9-4CA5-4DEF-BA34-3D809C44EA8E}.Release|x64.ActiveCfg = Release|Any CPU
		{FC5437E9-4CA5-4DEF-BA34-3D809C44EA8E}.Release|x64.Build.0 = Release|Any CPU
		{6E0D15AD-935D-474D-B0D3-4664BC0C73C7}.Debug|Any CPU.ActiveCfg = Debug|Any CPU
		{6E0D15AD-935D-474D-B0D3-4664BC0C73C7}.Debug|Any CPU.Build.0 = Debug|Any CPU
		{6E0D15AD-935D-474D-B0D3-4664BC0C73C7}.Debug|x64.ActiveCfg = Debug|Any CPU
		{6E0D15AD-935D-474D-B0D3-4664BC0C73C7}.Debug|x64.Build.0 = Debug|Any CPU
		{6E0D15AD-935D-474D-B0D3-4664BC0C73C7}.Release|Any CPU.ActiveCfg = Release|Any CPU
		{6E0D15AD-935D-474D-B0D3-4664BC0C73C7}.Release|x64.ActiveCfg = Release|Any CPU
		{6E0D15AD-935D-474D-B0D3-4664BC0C73C7}.Release|x64.Build.0 = Release|Any CPU
	EndGlobalSection
	GlobalSection(SolutionProperties) = preSolution
		HideSolutionNode = FALSE
	EndGlobalSection
	GlobalSection(ExtensibilityGlobals) = postSolution
		SolutionGuid = {79B646D8-0E58-4011-A539-5E78B0C67392}
	EndGlobalSection
EndGlobal
