
Microsoft Visual Studio Solution File, Format Version 12.00
# Visual Studio Version 16
VisualStudioVersion = 16.0.30413.136
MinimumVisualStudioVersion = 10.0.40219.1
Project("{FAE04EC0-301F-11D3-BF4B-00C04F79EFBC}") = "RimThreaded", "RimThreaded.csproj", "{FC5437E9-4CA5-4DEF-BA34-3D809C44EA8E}"
EndProject
Global
	GlobalSection(SolutionConfigurationPlatforms) = preSolution
		Debug|Any CPU = Debug|Any CPU
		Release|Any CPU = Release|Any CPU
	EndGlobalSection
	GlobalSection(ProjectConfigurationPlatforms) = postSolution
		{FC5437E9-4CA5-4DEF-BA34-3D809C44EA8E}.Debug|Any CPU.ActiveCfg = Debug|Any CPU
		{FC5437E9-4CA5-4DEF-BA34-3D809C44EA8E}.Debug|Any CPU.Build.0 = Debug|Any CPU
		{FC5437E9-4CA5-4DEF-BA34-3D809C44EA8E}.Release|Any CPU.ActiveCfg = Release|Any CPU
		{FC5437E9-4CA5-4DEF-BA34-3D809C44EA8E}.Release|Any CPU.Build.0 = Release|Any CPU
	EndGlobalSection
	GlobalSection(SolutionProperties) = preSolution
		HideSolutionNode = FALSE
	EndGlobalSection
	GlobalSection(ExtensibilityGlobals) = postSolution
		SolutionGuid = {79B646D8-0E58-4011-A539-5E78B0C67392}
	EndGlobalSection
EndGlobal
